
Microsoft Visual Studio Solution File, Format Version 12.00
# Visual Studio Version 16
VisualStudioVersion = 16.0.31112.23
MinimumVisualStudioVersion = 10.0.40219.1
Project("{FAE04EC0-301F-11D3-BF4B-00C04F79EFBC}") = "OpenCall", "OpenCall\OpenCall.csproj", "{D7EBDD49-D010-4CAA-876E-BCB9345B9FD2}"
EndProject
Global
	GlobalSection(SolutionConfigurationPlatforms) = preSolution
		Debug|Any CPU = Debug|Any CPU
		Release|Any CPU = Release|Any CPU
	EndGlobalSection
	GlobalSection(ProjectConfigurationPlatforms) = postSolution
		{D7EBDD49-D010-4CAA-876E-BCB9345B9FD2}.Debug|Any CPU.ActiveCfg = Debug|Any CPU
		{D7EBDD49-D010-4CAA-876E-BCB9345B9FD2}.Debug|Any CPU.Build.0 = Debug|Any CPU
		{D7EBDD49-D010-4CAA-876E-BCB9345B9FD2}.Release|Any CPU.ActiveCfg = Release|Any CPU
		{D7EBDD49-D010-4CAA-876E-BCB9345B9FD2}.Release|Any CPU.Build.0 = Release|Any CPU
	EndGlobalSection
	GlobalSection(SolutionProperties) = preSolution
		HideSolutionNode = FALSE
	EndGlobalSection
	GlobalSection(ExtensibilityGlobals) = postSolution
		SolutionGuid = {3EC57735-F29F-46F8-B898-AE809E1E13C4}
	EndGlobalSection
EndGlobal
